
Microsoft Visual Studio Solution File, Format Version 12.00
# Visual Studio Version 17
VisualStudioVersion = 17.5.002.0
MinimumVisualStudioVersion = 10.0.40219.1
Project("{9A19103F-16F7-4668-BE54-9A1E7A4F7556}") = "Задача_1", "Задача_1\Задача_1.csproj", "{A28BB2D2-2CC4-4567-AC8A-4CB755B4DC18}"
EndProject
Project("{9A19103F-16F7-4668-BE54-9A1E7A4F7556}") = "Задача_2", "Задача_2\Задача_2.csproj", "{3EE05A1A-AB61-4535-9A79-916B9A04B400}"
EndProject
Project("{9A19103F-16F7-4668-BE54-9A1E7A4F7556}") = "Задача_3", "Задача_3\Задача_3.csproj", "{D65C2367-47CE-490B-A823-DAF551DE636B}"
EndProject
Project("{9A19103F-16F7-4668-BE54-9A1E7A4F7556}") = "Задача_4", "Задача_4\Задача_4.csproj", "{40646C89-7328-4EED-AB14-AE9EF878D461}"
EndProject
Global
	GlobalSection(SolutionConfigurationPlatforms) = preSolution
		Debug|Any CPU = Debug|Any CPU
		Release|Any CPU = Release|Any CPU
	EndGlobalSection
	GlobalSection(ProjectConfigurationPlatforms) = postSolution
		{A28BB2D2-2CC4-4567-AC8A-4CB755B4DC18}.Debug|Any CPU.ActiveCfg = Debug|Any CPU
		{A28BB2D2-2CC4-4567-AC8A-4CB755B4DC18}.Debug|Any CPU.Build.0 = Debug|Any CPU
		{A28BB2D2-2CC4-4567-AC8A-4CB755B4DC18}.Release|Any CPU.ActiveCfg = Release|Any CPU
		{A28BB2D2-2CC4-4567-AC8A-4CB755B4DC18}.Release|Any CPU.Build.0 = Release|Any CPU
		{3EE05A1A-AB61-4535-9A79-916B9A04B400}.Debug|Any CPU.ActiveCfg = Debug|Any CPU
		{3EE05A1A-AB61-4535-9A79-916B9A04B400}.Debug|Any CPU.Build.0 = Debug|Any CPU
		{3EE05A1A-AB61-4535-9A79-916B9A04B400}.Release|Any CPU.ActiveCfg = Release|Any CPU
		{3EE05A1A-AB61-4535-9A79-916B9A04B400}.Release|Any CPU.Build.0 = Release|Any CPU
		{D65C2367-47CE-490B-A823-DAF551DE636B}.Debug|Any CPU.ActiveCfg = Debug|Any CPU
		{D65C2367-47CE-490B-A823-DAF551DE636B}.Debug|Any CPU.Build.0 = Debug|Any CPU
		{D65C2367-47CE-490B-A823-DAF551DE636B}.Release|Any CPU.ActiveCfg = Release|Any CPU
		{D65C2367-47CE-490B-A823-DAF551DE636B}.Release|Any CPU.Build.0 = Release|Any CPU
		{40646C89-7328-4EED-AB14-AE9EF878D461}.Debug|Any CPU.ActiveCfg = Debug|Any CPU
		{40646C89-7328-4EED-AB14-AE9EF878D461}.Debug|Any CPU.Build.0 = Debug|Any CPU
		{40646C89-7328-4EED-AB14-AE9EF878D461}.Release|Any CPU.ActiveCfg = Release|Any CPU
		{40646C89-7328-4EED-AB14-AE9EF878D461}.Release|Any CPU.Build.0 = Release|Any CPU
	EndGlobalSection
	GlobalSection(SolutionProperties) = preSolution
		HideSolutionNode = FALSE
	EndGlobalSection
	GlobalSection(ExtensibilityGlobals) = postSolution
		SolutionGuid = {43BF161D-5B86-4013-B8FE-4D2D94FE3D6A}
	EndGlobalSection
EndGlobal
